
Microsoft Visual Studio Solution File, Format Version 12.00
# Visual Studio Version 17
VisualStudioVersion = 17.6.33815.320
MinimumVisualStudioVersion = 10.0.40219.1
Project("{FAE04EC0-301F-11D3-BF4B-00C04F79EFBC}") = "TravelExpert", "TravelExpert\TravelExpert.csproj", "{A8DF73F0-590D-48E1-BDBD-D6CADBA57A0C}"
EndProject
Project("{FAE04EC0-301F-11D3-BF4B-00C04F79EFBC}") = "TravelExpertData", "TravelExpertData\TravelExpertData.csproj", "{71838A88-E705-49E2-83A8-8A1EF50F5599}"
EndProject
Global
	GlobalSection(SolutionConfigurationPlatforms) = preSolution
		Debug|Any CPU = Debug|Any CPU
		Release|Any CPU = Release|Any CPU
	EndGlobalSection
	GlobalSection(ProjectConfigurationPlatforms) = postSolution
		{A8DF73F0-590D-48E1-BDBD-D6CADBA57A0C}.Debug|Any CPU.ActiveCfg = Debug|Any CPU
		{A8DF73F0-590D-48E1-BDBD-D6CADBA57A0C}.Debug|Any CPU.Build.0 = Debug|Any CPU
		{A8DF73F0-590D-48E1-BDBD-D6CADBA57A0C}.Release|Any CPU.ActiveCfg = Release|Any CPU
		{A8DF73F0-590D-48E1-BDBD-D6CADBA57A0C}.Release|Any CPU.Build.0 = Release|Any CPU
		{71838A88-E705-49E2-83A8-8A1EF50F5599}.Debug|Any CPU.ActiveCfg = Debug|Any CPU
		{71838A88-E705-49E2-83A8-8A1EF50F5599}.Debug|Any CPU.Build.0 = Debug|Any CPU
		{71838A88-E705-49E2-83A8-8A1EF50F5599}.Release|Any CPU.ActiveCfg = Release|Any CPU
		{71838A88-E705-49E2-83A8-8A1EF50F5599}.Release|Any CPU.Build.0 = Release|Any CPU
	EndGlobalSection
	GlobalSection(SolutionProperties) = preSolution
		HideSolutionNode = FALSE
	EndGlobalSection
	GlobalSection(ExtensibilityGlobals) = postSolution
		SolutionGuid = {8B64D2B7-8EC7-4AD4-BABC-CAB4B9F9F16E}
	EndGlobalSection
EndGlobal
